{
  "name": "blog-jtken",
  "lockfileVersion": 3,
  "requires": true,
  "packages": {
    "": {
      "dependencies": {
        "@fontsource/ibm-plex-serif": "^5.1.0"
      }
    },
    "node_modules/@fontsource/ibm-plex-serif": {
      "version": "5.1.0",
      "resolved": "https://registry.npmjs.org/@fontsource/ibm-plex-serif/-/ibm-plex-serif-5.1.0.tgz",
      "integrity": "sha512-x8/rprq/hc94eYugICIUJCyUVMC1rPpgmL8km5FhhXIl6l2soaYadLcx4bmVP/rvLr/cRtj4GCaV6ZnGg3jaPA==",
      "license": "OFL-1.1"
    }
  }
}
